// !$*UTF8*$!
{
	archiveVersion = 1;
	classes = {
	};
	objectVersion = 46;
	objects = {

/* Begin PBXBuildFile section */
		440D482BF0F59E43B41E3F16 /* Pods_XJNetworking_Tests.framework in Frameworks */ = {isa = PBXBuildFile; fileRef = A84C7A1747ED2ADDEA4DC54C /* Pods_XJNetworking_Tests.framework */; };
		6003F58E195388D20070C39A /* Foundation.framework in Frameworks */ = {isa = PBXBuildFile; fileRef = 6003F58D195388D20070C39A /* Foundation.framework */; };
		6003F590195388D20070C39A /* CoreGraphics.framework in Frameworks */ = {isa = PBXBuildFile; fileRef = 6003F58F195388D20070C39A /* CoreGraphics.framework */; };
		6003F592195388D20070C39A /* UIKit.framework in Frameworks */ = {isa = PBXBuildFile; fileRef = 6003F591195388D20070C39A /* UIKit.framework */; };
		6003F598195388D20070C39A /* InfoPlist.strings in Resources */ = {isa = PBXBuildFile; fileRef = 6003F596195388D20070C39A /* InfoPlist.strings */; };
		6003F59A195388D20070C39A /* main.m in Sources */ = {isa = PBXBuildFile; fileRef = 6003F599195388D20070C39A /* main.m */; };
		6003F59E195388D20070C39A /* XJAppDelegate.m in Sources */ = {isa = PBXBuildFile; fileRef = 6003F59D195388D20070C39A /* XJAppDelegate.m */; };
		6003F5A7195388D20070C39A /* XJViewController.m in Sources */ = {isa = PBXBuildFile; fileRef = 6003F5A6195388D20070C39A /* XJViewController.m */; };
		6003F5A9195388D20070C39A /* Images.xcassets in Resources */ = {isa = PBXBuildFile; fileRef = 6003F5A8195388D20070C39A /* Images.xcassets */; };
		6003F5B0195388D20070C39A /* XCTest.framework in Frameworks */ = {isa = PBXBuildFile; fileRef = 6003F5AF195388D20070C39A /* XCTest.framework */; };
		6003F5B1195388D20070C39A /* Foundation.framework in Frameworks */ = {isa = PBXBuildFile; fileRef = 6003F58D195388D20070C39A /* Foundation.framework */; };
		6003F5B2195388D20070C39A /* UIKit.framework in Frameworks */ = {isa = PBXBuildFile; fileRef = 6003F591195388D20070C39A /* UIKit.framework */; };
		6003F5BA195388D20070C39A /* InfoPlist.strings in Resources */ = {isa = PBXBuildFile; fileRef = 6003F5B8195388D20070C39A /* InfoPlist.strings */; };
		71719F9F1E33DC2100824A3D /* LaunchScreen.storyboard in Resources */ = {isa = PBXBuildFile; fileRef = 71719F9D1E33DC2100824A3D /* LaunchScreen.storyboard */; };
		7677983D4BAF75C0CDE4C0D5 /* Pods_XJNetworking_Example.framework in Frameworks */ = {isa = PBXBuildFile; fileRef = 61DF45DC2EB91E210192C5FE /* Pods_XJNetworking_Example.framework */; };
		873B8AEB1B1F5CCA007FD442 /* Main.storyboard in Resources */ = {isa = PBXBuildFile; fileRef = 873B8AEA1B1F5CCA007FD442 /* Main.storyboard */; };
		F50959A620AE648100EDF7E2 /* XJRACRequestTests.m in Sources */ = {isa = PBXBuildFile; fileRef = F50959A520AE648100EDF7E2 /* XJRACRequestTests.m */; };
		F550D5B1207F45D60099838A /* .gitkeep in Resources */ = {isa = PBXBuildFile; fileRef = F550D595207F45D60099838A /* .gitkeep */; };
		F550D5B2207F45D60099838A /* .gitkeep in Resources */ = {isa = PBXBuildFile; fileRef = F550D597207F45D60099838A /* .gitkeep */; };
		F550D5B3207F45D60099838A /* XJRequestProvider.m in Sources */ = {isa = PBXBuildFile; fileRef = F550D59A207F45D60099838A /* XJRequestProvider.m */; };
		F550D5B4207F45D60099838A /* NSArray+XJNetworking.m in Sources */ = {isa = PBXBuildFile; fileRef = F550D59D207F45D60099838A /* NSArray+XJNetworking.m */; };
		F550D5B5207F45D60099838A /* NSURLRequest+XJNetworking.m in Sources */ = {isa = PBXBuildFile; fileRef = F550D59F207F45D60099838A /* NSURLRequest+XJNetworking.m */; };
		F550D5B6207F45D60099838A /* XJRequestSender.m in Sources */ = {isa = PBXBuildFile; fileRef = F550D5A4207F45D60099838A /* XJRequestSender.m */; };
		F550D5B7207F45D60099838A /* XJSenderFactory.m in Sources */ = {isa = PBXBuildFile; fileRef = F550D5A6207F45D60099838A /* XJSenderFactory.m */; };
		F550D5B8207F45D60099838A /* XJURLResponse.m in Sources */ = {isa = PBXBuildFile; fileRef = F550D5A9207F45D60099838A /* XJURLResponse.m */; };
		F550D5B9207F45D60099838A /* XJCommonContext.m in Sources */ = {isa = PBXBuildFile; fileRef = F550D5AB207F45D60099838A /* XJCommonContext.m */; };
		F550D5BC207F46200099838A /* XJRequestProviderTests.m in Sources */ = {isa = PBXBuildFile; fileRef = F550D5AE207F45D60099838A /* XJRequestProviderTests.m */; };
		F5CEAF6B20AD48DC00FFE7CE /* XJPagePlugin.m in Sources */ = {isa = PBXBuildFile; fileRef = F5CEAF6A20AD48DC00FFE7CE /* XJPagePlugin.m */; };
		F5CEAF7220AD50E400FFE7CE /* XJRequestProvider+RAC.m in Sources */ = {isa = PBXBuildFile; fileRef = F5CEAF7120AD50E400FFE7CE /* XJRequestProvider+RAC.m */; };
		F5F46ED8207C4D4600D0B939 /* HomeApi.m in Sources */ = {isa = PBXBuildFile; fileRef = F5F46ED7207C4D4600D0B939 /* HomeApi.m */; };
		F5F46EE3207C859700D0B939 /* XJHomeViewController.m in Sources */ = {isa = PBXBuildFile; fileRef = F5F46EE2207C859700D0B939 /* XJHomeViewController.m */; };
/* End PBXBuildFile section */

/* Begin PBXContainerItemProxy section */
		6003F5B3195388D20070C39A /* PBXContainerItemProxy */ = {
			isa = PBXContainerItemProxy;
			containerPortal = 6003F582195388D10070C39A /* Project object */;
			proxyType = 1;
			remoteGlobalIDString = 6003F589195388D20070C39A;
			remoteInfo = XJNetworking;
		};
/* End PBXContainerItemProxy section */

/* Begin PBXFileReference section */
		0330EB9E0E401BCBA0C611F5 /* Pods-XJNetworking_Tests.release.xcconfig */ = {isa = PBXFileReference; includeInIndex = 1; lastKnownFileType = text.xcconfig; name = "Pods-XJNetworking_Tests.release.xcconfig"; path = "Pods/Target Support Files/Pods-XJNetworking_Tests/Pods-XJNetworking_Tests.release.xcconfig"; sourceTree = "<group>"; };
		44C6EB48A08CCF8FCB77775D /* Pods-XJNetworking_Tests.debug.xcconfig */ = {isa = PBXFileReference; includeInIndex = 1; lastKnownFileType = text.xcconfig; name = "Pods-XJNetworking_Tests.debug.xcconfig"; path = "Pods/Target Support Files/Pods-XJNetworking_Tests/Pods-XJNetworking_Tests.debug.xcconfig"; sourceTree = "<group>"; };
		48CD52A32DC045A6B5D81E30 /* Pods-XJNetworking_Example.debug.xcconfig */ = {isa = PBXFileReference; includeInIndex = 1; lastKnownFileType = text.xcconfig; name = "Pods-XJNetworking_Example.debug.xcconfig"; path = "Pods/Target Support Files/Pods-XJNetworking_Example/Pods-XJNetworking_Example.debug.xcconfig"; sourceTree = "<group>"; };
		6003F58A195388D20070C39A /* XJNetworking_Example.app */ = {isa = PBXFileReference; explicitFileType = wrapper.application; includeInIndex = 0; path = XJNetworking_Example.app; sourceTree = BUILT_PRODUCTS_DIR; };
		6003F58D195388D20070C39A /* Foundation.framework */ = {isa = PBXFileReference; lastKnownFileType = wrapper.framework; name = Foundation.framework; path = System/Library/Frameworks/Foundation.framework; sourceTree = SDKROOT; };
		6003F58F195388D20070C39A /* CoreGraphics.framework */ = {isa = PBXFileReference; lastKnownFileType = wrapper.framework; name = CoreGraphics.framework; path = System/Library/Frameworks/CoreGraphics.framework; sourceTree = SDKROOT; };
		6003F591195388D20070C39A /* UIKit.framework */ = {isa = PBXFileReference; lastKnownFileType = wrapper.framework; name = UIKit.framework; path = System/Library/Frameworks/UIKit.framework; sourceTree = SDKROOT; };
		6003F595195388D20070C39A /* XJNetworking-Info.plist */ = {isa = PBXFileReference; lastKnownFileType = text.plist.xml; path = "XJNetworking-Info.plist"; sourceTree = "<group>"; };
		6003F597195388D20070C39A /* en */ = {isa = PBXFileReference; lastKnownFileType = text.plist.strings; name = en; path = en.lproj/InfoPlist.strings; sourceTree = "<group>"; };
		6003F599195388D20070C39A /* main.m */ = {isa = PBXFileReference; lastKnownFileType = sourcecode.c.objc; path = main.m; sourceTree = "<group>"; };
		6003F59B195388D20070C39A /* XJNetworking-Prefix.pch */ = {isa = PBXFileReference; lastKnownFileType = sourcecode.c.h; path = "XJNetworking-Prefix.pch"; sourceTree = "<group>"; };
		6003F59C195388D20070C39A /* XJAppDelegate.h */ = {isa = PBXFileReference; lastKnownFileType = sourcecode.c.h; path = XJAppDelegate.h; sourceTree = "<group>"; };
		6003F59D195388D20070C39A /* XJAppDelegate.m */ = {isa = PBXFileReference; lastKnownFileType = sourcecode.c.objc; path = XJAppDelegate.m; sourceTree = "<group>"; };
		6003F5A5195388D20070C39A /* XJViewController.h */ = {isa = PBXFileReference; lastKnownFileType = sourcecode.c.h; path = XJViewController.h; sourceTree = "<group>"; };
		6003F5A6195388D20070C39A /* XJViewController.m */ = {isa = PBXFileReference; lastKnownFileType = sourcecode.c.objc; path = XJViewController.m; sourceTree = "<group>"; };
		6003F5A8195388D20070C39A /* Images.xcassets */ = {isa = PBXFileReference; lastKnownFileType = folder.assetcatalog; path = Images.xcassets; sourceTree = "<group>"; };
		6003F5AE195388D20070C39A /* XJNetworking_Tests.xctest */ = {isa = PBXFileReference; explicitFileType = wrapper.cfbundle; includeInIndex = 0; path = XJNetworking_Tests.xctest; sourceTree = BUILT_PRODUCTS_DIR; };
		6003F5AF195388D20070C39A /* XCTest.framework */ = {isa = PBXFileReference; lastKnownFileType = wrapper.framework; name = XCTest.framework; path = Library/Frameworks/XCTest.framework; sourceTree = DEVELOPER_DIR; };
		6003F5B7195388D20070C39A /* Tests-Info.plist */ = {isa = PBXFileReference; lastKnownFileType = text.plist.xml; path = "Tests-Info.plist"; sourceTree = "<group>"; };
		6003F5B9195388D20070C39A /* en */ = {isa = PBXFileReference; lastKnownFileType = text.plist.strings; name = en; path = en.lproj/InfoPlist.strings; sourceTree = "<group>"; };
		606FC2411953D9B200FFA9A0 /* Tests-Prefix.pch */ = {isa = PBXFileReference; lastKnownFileType = sourcecode.c.h; path = "Tests-Prefix.pch"; sourceTree = "<group>"; };
		61DF45DC2EB91E210192C5FE /* Pods_XJNetworking_Example.framework */ = {isa = PBXFileReference; explicitFileType = wrapper.framework; includeInIndex = 0; path = Pods_XJNetworking_Example.framework; sourceTree = BUILT_PRODUCTS_DIR; };
		71719F9E1E33DC2100824A3D /* Base */ = {isa = PBXFileReference; lastKnownFileType = file.storyboard; name = Base; path = Base.lproj/LaunchScreen.storyboard; sourceTree = "<group>"; };
		84FBF8B74D5FCE8061006237 /* Pods-XJNetworking_Example.release.xcconfig */ = {isa = PBXFileReference; includeInIndex = 1; lastKnownFileType = text.xcconfig; name = "Pods-XJNetworking_Example.release.xcconfig"; path = "Pods/Target Support Files/Pods-XJNetworking_Example/Pods-XJNetworking_Example.release.xcconfig"; sourceTree = "<group>"; };
		873B8AEA1B1F5CCA007FD442 /* Main.storyboard */ = {isa = PBXFileReference; fileEncoding = 4; lastKnownFileType = file.storyboard; name = Main.storyboard; path = Base.lproj/Main.storyboard; sourceTree = "<group>"; };
		A84C7A1747ED2ADDEA4DC54C /* Pods_XJNetworking_Tests.framework */ = {isa = PBXFileReference; explicitFileType = wrapper.framework; includeInIndex = 0; path = Pods_XJNetworking_Tests.framework; sourceTree = BUILT_PRODUCTS_DIR; };
		C59F930B5EB88AC2524E64BA /* LICENSE */ = {isa = PBXFileReference; includeInIndex = 1; lastKnownFileType = text; name = LICENSE; path = ../LICENSE; sourceTree = "<group>"; };
		E04F26097D289F2750609E16 /* XJNetworking.podspec */ = {isa = PBXFileReference; includeInIndex = 1; lastKnownFileType = text; name = XJNetworking.podspec; path = ../XJNetworking.podspec; sourceTree = "<group>"; xcLanguageSpecificationIdentifier = xcode.lang.ruby; };
		F50959A520AE648100EDF7E2 /* XJRACRequestTests.m */ = {isa = PBXFileReference; lastKnownFileType = sourcecode.c.objc; path = XJRACRequestTests.m; sourceTree = "<group>"; };
		F550D595207F45D60099838A /* .gitkeep */ = {isa = PBXFileReference; fileEncoding = 4; lastKnownFileType = text; path = .gitkeep; sourceTree = "<group>"; };
		F550D597207F45D60099838A /* .gitkeep */ = {isa = PBXFileReference; fileEncoding = 4; lastKnownFileType = text; path = .gitkeep; sourceTree = "<group>"; };
		F550D599207F45D60099838A /* XJRequestProvider.h */ = {isa = PBXFileReference; fileEncoding = 4; lastKnownFileType = sourcecode.c.h; path = XJRequestProvider.h; sourceTree = "<group>"; };
		F550D59A207F45D60099838A /* XJRequestProvider.m */ = {isa = PBXFileReference; fileEncoding = 4; lastKnownFileType = sourcecode.c.objc; path = XJRequestProvider.m; sourceTree = "<group>"; };
		F550D59C207F45D60099838A /* NSArray+XJNetworking.h */ = {isa = PBXFileReference; fileEncoding = 4; lastKnownFileType = sourcecode.c.h; path = "NSArray+XJNetworking.h"; sourceTree = "<group>"; };
		F550D59D207F45D60099838A /* NSArray+XJNetworking.m */ = {isa = PBXFileReference; fileEncoding = 4; lastKnownFileType = sourcecode.c.objc; path = "NSArray+XJNetworking.m"; sourceTree = "<group>"; };
		F550D59E207F45D60099838A /* NSURLRequest+XJNetworking.h */ = {isa = PBXFileReference; fileEncoding = 4; lastKnownFileType = sourcecode.c.h; path = "NSURLRequest+XJNetworking.h"; sourceTree = "<group>"; };
		F550D59F207F45D60099838A /* NSURLRequest+XJNetworking.m */ = {isa = PBXFileReference; fileEncoding = 4; lastKnownFileType = sourcecode.c.objc; path = "NSURLRequest+XJNetworking.m"; sourceTree = "<group>"; };
		F550D5A1207F45D60099838A /* XJNetworkingProtocol.h */ = {isa = PBXFileReference; fileEncoding = 4; lastKnownFileType = sourcecode.c.h; path = XJNetworkingProtocol.h; sourceTree = "<group>"; };
		F550D5A3207F45D60099838A /* XJRequestSender.h */ = {isa = PBXFileReference; fileEncoding = 4; lastKnownFileType = sourcecode.c.h; path = XJRequestSender.h; sourceTree = "<group>"; };
		F550D5A4207F45D60099838A /* XJRequestSender.m */ = {isa = PBXFileReference; fileEncoding = 4; lastKnownFileType = sourcecode.c.objc; path = XJRequestSender.m; sourceTree = "<group>"; };
		F550D5A5207F45D60099838A /* XJSenderFactory.h */ = {isa = PBXFileReference; fileEncoding = 4; lastKnownFileType = sourcecode.c.h; path = XJSenderFactory.h; sourceTree = "<group>"; };
		F550D5A6207F45D60099838A /* XJSenderFactory.m */ = {isa = PBXFileReference; fileEncoding = 4; lastKnownFileType = sourcecode.c.objc; path = XJSenderFactory.m; sourceTree = "<group>"; };
		F550D5A8207F45D60099838A /* XJURLResponse.h */ = {isa = PBXFileReference; fileEncoding = 4; lastKnownFileType = sourcecode.c.h; path = XJURLResponse.h; sourceTree = "<group>"; };
		F550D5A9207F45D60099838A /* XJURLResponse.m */ = {isa = PBXFileReference; fileEncoding = 4; lastKnownFileType = sourcecode.c.objc; path = XJURLResponse.m; sourceTree = "<group>"; };
		F550D5AA207F45D60099838A /* XJCommonContext.h */ = {isa = PBXFileReference; fileEncoding = 4; lastKnownFileType = sourcecode.c.h; path = XJCommonContext.h; sourceTree = "<group>"; };
		F550D5AB207F45D60099838A /* XJCommonContext.m */ = {isa = PBXFileReference; fileEncoding = 4; lastKnownFileType = sourcecode.c.objc; path = XJCommonContext.m; sourceTree = "<group>"; };
		F550D5AC207F45D60099838A /* XJNetworking.h */ = {isa = PBXFileReference; fileEncoding = 4; lastKnownFileType = sourcecode.c.h; path = XJNetworking.h; sourceTree = "<group>"; };
		F550D5AE207F45D60099838A /* XJRequestProviderTests.m */ = {isa = PBXFileReference; fileEncoding = 4; lastKnownFileType = sourcecode.c.objc; path = XJRequestProviderTests.m; sourceTree = "<group>"; };
		F5CEAF6920AD48DC00FFE7CE /* XJPagePlugin.h */ = {isa = PBXFileReference; fileEncoding = 4; lastKnownFileType = sourcecode.c.h; path = XJPagePlugin.h; sourceTree = "<group>"; };
		F5CEAF6A20AD48DC00FFE7CE /* XJPagePlugin.m */ = {isa = PBXFileReference; fileEncoding = 4; lastKnownFileType = sourcecode.c.objc; path = XJPagePlugin.m; sourceTree = "<group>"; };
		F5CEAF7020AD50E400FFE7CE /* XJRequestProvider+RAC.h */ = {isa = PBXFileReference; lastKnownFileType = sourcecode.c.h; path = "XJRequestProvider+RAC.h"; sourceTree = "<group>"; };
		F5CEAF7120AD50E400FFE7CE /* XJRequestProvider+RAC.m */ = {isa = PBXFileReference; lastKnownFileType = sourcecode.c.objc; path = "XJRequestProvider+RAC.m"; sourceTree = "<group>"; };
		F5F46ED6207C4D4600D0B939 /* HomeApi.h */ = {isa = PBXFileReference; lastKnownFileType = sourcecode.c.h; path = HomeApi.h; sourceTree = "<group>"; };
		F5F46ED7207C4D4600D0B939 /* HomeApi.m */ = {isa = PBXFileReference; lastKnownFileType = sourcecode.c.objc; path = HomeApi.m; sourceTree = "<group>"; };
		F5F46EE1207C859700D0B939 /* XJHomeViewController.h */ = {isa = PBXFileReference; lastKnownFileType = sourcecode.c.h; path = XJHomeViewController.h; sourceTree = "<group>"; };
		F5F46EE2207C859700D0B939 /* XJHomeViewController.m */ = {isa = PBXFileReference; lastKnownFileType = sourcecode.c.objc; path = XJHomeViewController.m; sourceTree = "<group>"; };
		FD8B987C0E0A437BE2B4D74C /* README.md */ = {isa = PBXFileReference; includeInIndex = 1; lastKnownFileType = net.daringfireball.markdown; name = README.md; path = ../README.md; sourceTree = "<group>"; };
/* End PBXFileReference section */

/* Begin PBXFrameworksBuildPhase section */
		6003F587195388D20070C39A /* Frameworks */ = {
			isa = PBXFrameworksBuildPhase;
			buildActionMask = 2147483647;
			files = (
				6003F590195388D20070C39A /* CoreGraphics.framework in Frameworks */,
				6003F592195388D20070C39A /* UIKit.framework in Frameworks */,
				6003F58E195388D20070C39A /* Foundation.framework in Frameworks */,
				7677983D4BAF75C0CDE4C0D5 /* Pods_XJNetworking_Example.framework in Frameworks */,
			);
			runOnlyForDeploymentPostprocessing = 0;
		};
		6003F5AB195388D20070C39A /* Frameworks */ = {
			isa = PBXFrameworksBuildPhase;
			buildActionMask = 2147483647;
			files = (
				6003F5B0195388D20070C39A /* XCTest.framework in Frameworks */,
				6003F5B2195388D20070C39A /* UIKit.framework in Frameworks */,
				6003F5B1195388D20070C39A /* Foundation.framework in Frameworks */,
				440D482BF0F59E43B41E3F16 /* Pods_XJNetworking_Tests.framework in Frameworks */,
			);
			runOnlyForDeploymentPostprocessing = 0;
		};
/* End PBXFrameworksBuildPhase section */

/* Begin PBXGroup section */
		580C858B08F3583990921200 /* Pods */ = {
			isa = PBXGroup;
			children = (
				48CD52A32DC045A6B5D81E30 /* Pods-XJNetworking_Example.debug.xcconfig */,
				84FBF8B74D5FCE8061006237 /* Pods-XJNetworking_Example.release.xcconfig */,
				44C6EB48A08CCF8FCB77775D /* Pods-XJNetworking_Tests.debug.xcconfig */,
				0330EB9E0E401BCBA0C611F5 /* Pods-XJNetworking_Tests.release.xcconfig */,
			);
			name = Pods;
			sourceTree = "<group>";
		};
		6003F581195388D10070C39A = {
			isa = PBXGroup;
			children = (
				60FF7A9C1954A5C5007DD14C /* Podspec Metadata */,
				6003F593195388D20070C39A /* Example for XJNetworking */,
				F550D593207F45D60099838A /* XJNetworking */,
				6003F5B5195388D20070C39A /* Tests */,
				6003F58C195388D20070C39A /* Frameworks */,
				6003F58B195388D20070C39A /* Products */,
				580C858B08F3583990921200 /* Pods */,
			);
			sourceTree = "<group>";
		};
		6003F58B195388D20070C39A /* Products */ = {
			isa = PBXGroup;
			children = (
				6003F58A195388D20070C39A /* XJNetworking_Example.app */,
				6003F5AE195388D20070C39A /* XJNetworking_Tests.xctest */,
			);
			name = Products;
			sourceTree = "<group>";
		};
		6003F58C195388D20070C39A /* Frameworks */ = {
			isa = PBXGroup;
			children = (
				6003F58D195388D20070C39A /* Foundation.framework */,
				6003F58F195388D20070C39A /* CoreGraphics.framework */,
				6003F591195388D20070C39A /* UIKit.framework */,
				6003F5AF195388D20070C39A /* XCTest.framework */,
				61DF45DC2EB91E210192C5FE /* Pods_XJNetworking_Example.framework */,
				A84C7A1747ED2ADDEA4DC54C /* Pods_XJNetworking_Tests.framework */,
			);
			name = Frameworks;
			sourceTree = "<group>";
		};
		6003F593195388D20070C39A /* Example for XJNetworking */ = {
			isa = PBXGroup;
			children = (
				F5F46ED6207C4D4600D0B939 /* HomeApi.h */,
				F5F46ED7207C4D4600D0B939 /* HomeApi.m */,
				6003F59C195388D20070C39A /* XJAppDelegate.h */,
				6003F59D195388D20070C39A /* XJAppDelegate.m */,
				873B8AEA1B1F5CCA007FD442 /* Main.storyboard */,
				6003F5A5195388D20070C39A /* XJViewController.h */,
				6003F5A6195388D20070C39A /* XJViewController.m */,
				F5F46EE1207C859700D0B939 /* XJHomeViewController.h */,
				F5F46EE2207C859700D0B939 /* XJHomeViewController.m */,
				71719F9D1E33DC2100824A3D /* LaunchScreen.storyboard */,
				6003F5A8195388D20070C39A /* Images.xcassets */,
				6003F594195388D20070C39A /* Supporting Files */,
			);
			name = "Example for XJNetworking";
			path = XJNetworking;
			sourceTree = "<group>";
		};
		6003F594195388D20070C39A /* Supporting Files */ = {
			isa = PBXGroup;
			children = (
				6003F595195388D20070C39A /* XJNetworking-Info.plist */,
				6003F596195388D20070C39A /* InfoPlist.strings */,
				6003F599195388D20070C39A /* main.m */,
				6003F59B195388D20070C39A /* XJNetworking-Prefix.pch */,
			);
			name = "Supporting Files";
			sourceTree = "<group>";
		};
		6003F5B5195388D20070C39A /* Tests */ = {
			isa = PBXGroup;
			children = (
				6003F5B6195388D20070C39A /* Supporting Files */,
			);
			path = Tests;
			sourceTree = "<group>";
		};
		6003F5B6195388D20070C39A /* Supporting Files */ = {
			isa = PBXGroup;
			children = (
				6003F5B7195388D20070C39A /* Tests-Info.plist */,
				6003F5B8195388D20070C39A /* InfoPlist.strings */,
				606FC2411953D9B200FFA9A0 /* Tests-Prefix.pch */,
			);
			name = "Supporting Files";
			sourceTree = "<group>";
		};
		60FF7A9C1954A5C5007DD14C /* Podspec Metadata */ = {
			isa = PBXGroup;
			children = (
				E04F26097D289F2750609E16 /* XJNetworking.podspec */,
				FD8B987C0E0A437BE2B4D74C /* README.md */,
				C59F930B5EB88AC2524E64BA /* LICENSE */,
			);
			name = "Podspec Metadata";
			sourceTree = "<group>";
		};
		F550D593207F45D60099838A /* XJNetworking */ = {
			isa = PBXGroup;
			children = (
				F550D594207F45D60099838A /* Assets */,
				F550D596207F45D60099838A /* Classes */,
				F550D5AD207F45D60099838A /* Tests */,
			);
			name = XJNetworking;
			path = ../XJNetworking;
			sourceTree = "<group>";
		};
		F550D594207F45D60099838A /* Assets */ = {
			isa = PBXGroup;
			children = (
				F550D595207F45D60099838A /* .gitkeep */,
			);
			path = Assets;
			sourceTree = "<group>";
		};
		F550D596207F45D60099838A /* Classes */ = {
			isa = PBXGroup;
			children = (
				F550D597207F45D60099838A /* .gitkeep */,
				F550D5AC207F45D60099838A /* XJNetworking.h */,
				F550D5AA207F45D60099838A /* XJCommonContext.h */,
				F550D5AB207F45D60099838A /* XJCommonContext.m */,
				F550D598207F45D60099838A /* Base */,
				F550D59B207F45D60099838A /* Categories */,
				F550D5A0207F45D60099838A /* Protocol */,
				F550D5A2207F45D60099838A /* SenderFactory */,
				F550D5A7207F45D60099838A /* URLResponse */,
				F5CEAF6820AD48DC00FFE7CE /* Plugins */,
				F5CEAF6C20AD493200FFE7CE /* RAC */,
			);
			path = Classes;
			sourceTree = "<group>";
		};
		F550D598207F45D60099838A /* Base */ = {
			isa = PBXGroup;
			children = (
				F550D599207F45D60099838A /* XJRequestProvider.h */,
				F550D59A207F45D60099838A /* XJRequestProvider.m */,
			);
			path = Base;
			sourceTree = "<group>";
		};
		F550D59B207F45D60099838A /* Categories */ = {
			isa = PBXGroup;
			children = (
				F550D59C207F45D60099838A /* NSArray+XJNetworking.h */,
				F550D59D207F45D60099838A /* NSArray+XJNetworking.m */,
				F550D59E207F45D60099838A /* NSURLRequest+XJNetworking.h */,
				F550D59F207F45D60099838A /* NSURLRequest+XJNetworking.m */,
			);
			path = Categories;
			sourceTree = "<group>";
		};
		F550D5A0207F45D60099838A /* Protocol */ = {
			isa = PBXGroup;
			children = (
				F550D5A1207F45D60099838A /* XJNetworkingProtocol.h */,
			);
			path = Protocol;
			sourceTree = "<group>";
		};
		F550D5A2207F45D60099838A /* SenderFactory */ = {
			isa = PBXGroup;
			children = (
				F550D5A5207F45D60099838A /* XJSenderFactory.h */,
				F550D5A6207F45D60099838A /* XJSenderFactory.m */,
				F550D5A3207F45D60099838A /* XJRequestSender.h */,
				F550D5A4207F45D60099838A /* XJRequestSender.m */,
			);
			path = SenderFactory;
			sourceTree = "<group>";
		};
		F550D5A7207F45D60099838A /* URLResponse */ = {
			isa = PBXGroup;
			children = (
				F550D5A8207F45D60099838A /* XJURLResponse.h */,
				F550D5A9207F45D60099838A /* XJURLResponse.m */,
			);
			path = URLResponse;
			sourceTree = "<group>";
		};
		F550D5AD207F45D60099838A /* Tests */ = {
			isa = PBXGroup;
			children = (
				F550D5AE207F45D60099838A /* XJRequestProviderTests.m */,
				F50959A520AE648100EDF7E2 /* XJRACRequestTests.m */,
			);
			path = Tests;
			sourceTree = "<group>";
		};
		F5CEAF6820AD48DC00FFE7CE /* Plugins */ = {
			isa = PBXGroup;
			children = (
				F5CEAF6920AD48DC00FFE7CE /* XJPagePlugin.h */,
				F5CEAF6A20AD48DC00FFE7CE /* XJPagePlugin.m */,
			);
			path = Plugins;
			sourceTree = "<group>";
		};
		F5CEAF6C20AD493200FFE7CE /* RAC */ = {
			isa = PBXGroup;
			children = (
				F5CEAF7020AD50E400FFE7CE /* XJRequestProvider+RAC.h */,
				F5CEAF7120AD50E400FFE7CE /* XJRequestProvider+RAC.m */,
			);
			path = RAC;
			sourceTree = "<group>";
		};
/* End PBXGroup section */

/* Begin PBXNativeTarget section */
		6003F589195388D20070C39A /* XJNetworking_Example */ = {
			isa = PBXNativeTarget;
			buildConfigurationList = 6003F5BF195388D20070C39A /* Build configuration list for PBXNativeTarget "XJNetworking_Example" */;
			buildPhases = (
				75B4B38E722FDDA8C36F9E3D /* [CP] Check Pods Manifest.lock */,
				6003F586195388D20070C39A /* Sources */,
				6003F587195388D20070C39A /* Frameworks */,
				6003F588195388D20070C39A /* Resources */,
				CAD348E8834D31B7AA826E13 /* [CP] Embed Pods Frameworks */,
			);
			buildRules = (
			);
			dependencies = (
			);
			name = XJNetworking_Example;
			productName = XJNetworking;
			productReference = 6003F58A195388D20070C39A /* XJNetworking_Example.app */;
			productType = "com.apple.product-type.application";
		};
		6003F5AD195388D20070C39A /* XJNetworking_Tests */ = {
			isa = PBXNativeTarget;
			buildConfigurationList = 6003F5C2195388D20070C39A /* Build configuration list for PBXNativeTarget "XJNetworking_Tests" */;
			buildPhases = (
				562FB20372E1230853EDF3D9 /* [CP] Check Pods Manifest.lock */,
				6003F5AA195388D20070C39A /* Sources */,
				6003F5AB195388D20070C39A /* Frameworks */,
				6003F5AC195388D20070C39A /* Resources */,
			);
			buildRules = (
			);
			dependencies = (
				6003F5B4195388D20070C39A /* PBXTargetDependency */,
			);
			name = XJNetworking_Tests;
			productName = XJNetworkingTests;
			productReference = 6003F5AE195388D20070C39A /* XJNetworking_Tests.xctest */;
			productType = "com.apple.product-type.bundle.unit-test";
		};
/* End PBXNativeTarget section */

/* Begin PBXProject section */
		6003F582195388D10070C39A /* Project object */ = {
			isa = PBXProject;
			attributes = {
				CLASSPREFIX = XJ;
				LastUpgradeCheck = 0720;
				ORGANIZATIONNAME = "m17600026862@163.com";
				TargetAttributes = {
					6003F5AD195388D20070C39A = {
						TestTargetID = 6003F589195388D20070C39A;
					};
				};
			};
			buildConfigurationList = 6003F585195388D10070C39A /* Build configuration list for PBXProject "XJNetworking" */;
			compatibilityVersion = "Xcode 3.2";
			developmentRegion = English;
			hasScannedForEncodings = 0;
			knownRegions = (
				en,
				Base,
			);
			mainGroup = 6003F581195388D10070C39A;
			productRefGroup = 6003F58B195388D20070C39A /* Products */;
			projectDirPath = "";
			projectRoot = "";
			targets = (
				6003F589195388D20070C39A /* XJNetworking_Example */,
				6003F5AD195388D20070C39A /* XJNetworking_Tests */,
			);
		};
/* End PBXProject section */

/* Begin PBXResourcesBuildPhase section */
		6003F588195388D20070C39A /* Resources */ = {
			isa = PBXResourcesBuildPhase;
			buildActionMask = 2147483647;
			files = (
				873B8AEB1B1F5CCA007FD442 /* Main.storyboard in Resources */,
				71719F9F1E33DC2100824A3D /* LaunchScreen.storyboard in Resources */,
				F550D5B1207F45D60099838A /* .gitkeep in Resources */,
				F550D5B2207F45D60099838A /* .gitkeep in Resources */,
				6003F5A9195388D20070C39A /* Images.xcassets in Resources */,
				6003F598195388D20070C39A /* InfoPlist.strings in Resources */,
			);
			runOnlyForDeploymentPostprocessing = 0;
		};
		6003F5AC195388D20070C39A /* Resources */ = {
			isa = PBXResourcesBuildPhase;
			buildActionMask = 2147483647;
			files = (
				6003F5BA195388D20070C39A /* InfoPlist.strings in Resources */,
			);
			runOnlyForDeploymentPostprocessing = 0;
		};
/* End PBXResourcesBuildPhase section */

/* Begin PBXShellScriptBuildPhase section */
		562FB20372E1230853EDF3D9 /* [CP] Check Pods Manifest.lock */ = {
			isa = PBXShellScriptBuildPhase;
			buildActionMask = 2147483647;
			files = (
			);
			inputPaths = (
				"${PODS_PODFILE_DIR_PATH}/Podfile.lock",
				"${PODS_ROOT}/Manifest.lock",
			);
			name = "[CP] Check Pods Manifest.lock";
			outputPaths = (
				"$(DERIVED_FILE_DIR)/Pods-XJNetworking_Tests-checkManifestLockResult.txt",
			);
			runOnlyForDeploymentPostprocessing = 0;
			shellPath = /bin/sh;
			shellScript = "diff \"${PODS_PODFILE_DIR_PATH}/Podfile.lock\" \"${PODS_ROOT}/Manifest.lock\" > /dev/null\nif [ $? != 0 ] ; then\n    # print error to STDERR\n    echo \"error: The sandbox is not in sync with the Podfile.lock. Run 'pod install' or update your CocoaPods installation.\" >&2\n    exit 1\nfi\n# This output is used by Xcode 'outputs' to avoid re-running this script phase.\necho \"SUCCESS\" > \"${SCRIPT_OUTPUT_FILE_0}\"\n";
			showEnvVarsInLog = 0;
		};
		75B4B38E722FDDA8C36F9E3D /* [CP] Check Pods Manifest.lock */ = {
			isa = PBXShellScriptBuildPhase;
			buildActionMask = 2147483647;
			files = (
			);
			inputPaths = (
				"${PODS_PODFILE_DIR_PATH}/Podfile.lock",
				"${PODS_ROOT}/Manifest.lock",
			);
			name = "[CP] Check Pods Manifest.lock";
			outputPaths = (
				"$(DERIVED_FILE_DIR)/Pods-XJNetworking_Example-checkManifestLockResult.txt",
			);
			runOnlyForDeploymentPostprocessing = 0;
			shellPath = /bin/sh;
			shellScript = "diff \"${PODS_PODFILE_DIR_PATH}/Podfile.lock\" \"${PODS_ROOT}/Manifest.lock\" > /dev/null\nif [ $? != 0 ] ; then\n    # print error to STDERR\n    echo \"error: The sandbox is not in sync with the Podfile.lock. Run 'pod install' or update your CocoaPods installation.\" >&2\n    exit 1\nfi\n# This output is used by Xcode 'outputs' to avoid re-running this script phase.\necho \"SUCCESS\" > \"${SCRIPT_OUTPUT_FILE_0}\"\n";
			showEnvVarsInLog = 0;
		};
		CAD348E8834D31B7AA826E13 /* [CP] Embed Pods Frameworks */ = {
			isa = PBXShellScriptBuildPhase;
			buildActionMask = 2147483647;
			files = (
			);
			inputPaths = (
				"${SRCROOT}/Pods/Target Support Files/Pods-XJNetworking_Example/Pods-XJNetworking_Example-frameworks.sh",
				"${BUILT_PRODUCTS_DIR}/AFNetworking/AFNetworking.framework",
				"${BUILT_PRODUCTS_DIR}/OCMock/OCMock.framework",
				"${BUILT_PRODUCTS_DIR}/ReactiveObjC/ReactiveObjC.framework",
			);
			name = "[CP] Embed Pods Frameworks";
			outputPaths = (
				"${TARGET_BUILD_DIR}/${FRAMEWORKS_FOLDER_PATH}/AFNetworking.framework",
				"${TARGET_BUILD_DIR}/${FRAMEWORKS_FOLDER_PATH}/OCMock.framework",
				"${TARGET_BUILD_DIR}/${FRAMEWORKS_FOLDER_PATH}/ReactiveObjC.framework",
			);
			runOnlyForDeploymentPostprocessing = 0;
			shellPath = /bin/sh;
			shellScript = "\"${SRCROOT}/Pods/Target Support Files/Pods-XJNetworking_Example/Pods-XJNetworking_Example-frameworks.sh\"\n";
			showEnvVarsInLog = 0;
		};
/* End PBXShellScriptBuildPhase section */

/* Begin PBXSourcesBuildPhase section */
		6003F586195388D20070C39A /* Sources */ = {
			isa = PBXSourcesBuildPhase;
			buildActionMask = 2147483647;
			files = (
				F550D5B9207F45D60099838A /* XJCommonContext.m in Sources */,
				F550D5B5207F45D60099838A /* NSURLRequest+XJNetworking.m in Sources */,
				F550D5B7207F45D60099838A /* XJSenderFactory.m in Sources */,
				F5CEAF7220AD50E400FFE7CE /* XJRequestProvider+RAC.m in Sources */,
				F550D5B8207F45D60099838A /* XJURLResponse.m in Sources */,
				F550D5B6207F45D60099838A /* XJRequestSender.m in Sources */,
				F550D5B4207F45D60099838A /* NSArray+XJNetworking.m in Sources */,
				F550D5B3207F45D60099838A /* XJRequestProvider.m in Sources */,
				6003F59E195388D20070C39A /* XJAppDelegate.m in Sources */,
				6003F5A7195388D20070C39A /* XJViewController.m in Sources */,
				6003F59A195388D20070C39A /* main.m in Sources */,
				F5F46ED8207C4D4600D0B939 /* HomeApi.m in Sources */,
				F5F46EE3207C859700D0B939 /* XJHomeViewController.m in Sources */,
				F5CEAF6B20AD48DC00FFE7CE /* XJPagePlugin.m in Sources */,
			);
			runOnlyForDeploymentPostprocessing = 0;
		};
		6003F5AA195388D20070C39A /* Sources */ = {
			isa = PBXSourcesBuildPhase;
			buildActionMask = 2147483647;
			files = (
				F50959A620AE648100EDF7E2 /* XJRACRequestTests.m in Sources */,
				F550D5BC207F46200099838A /* XJRequestProviderTests.m in Sources */,
			);
			runOnlyForDeploymentPostprocessing = 0;
		};
/* End PBXSourcesBuildPhase section */

/* Begin PBXTargetDependency section */
		6003F5B4195388D20070C39A /* PBXTargetDependency */ = {
			isa = PBXTargetDependency;
			target = 6003F589195388D20070C39A /* XJNetworking_Example */;
			targetProxy = 6003F5B3195388D20070C39A /* PBXContainerItemProxy */;
		};
/* End PBXTargetDependency section */

/* Begin PBXVariantGroup section */
		6003F596195388D20070C39A /* InfoPlist.strings */ = {
			isa = PBXVariantGroup;
			children = (
				6003F597195388D20070C39A /* en */,
			);
			name = InfoPlist.strings;
			sourceTree = "<group>";
		};
		6003F5B8195388D20070C39A /* InfoPlist.strings */ = {
			isa = PBXVariantGroup;
			children = (
				6003F5B9195388D20070C39A /* en */,
			);
			name = InfoPlist.strings;
			sourceTree = "<group>";
		};
		71719F9D1E33DC2100824A3D /* LaunchScreen.storyboard */ = {
			isa = PBXVariantGroup;
			children = (
				71719F9E1E33DC2100824A3D /* Base */,
			);
			name = LaunchScreen.storyboard;
			sourceTree = "<group>";
		};
/* End PBXVariantGroup section */

/* Begin XCBuildConfiguration section */
		6003F5BD195388D20070C39A /* Debug */ = {
			isa = XCBuildConfiguration;
			buildSettings = {
				ALWAYS_SEARCH_USER_PATHS = NO;
				CLANG_CXX_LANGUAGE_STANDARD = "gnu++0x";
				CLANG_CXX_LIBRARY = "libc++";
				CLANG_ENABLE_MODULES = YES;
				CLANG_ENABLE_OBJC_ARC = YES;
				CLANG_WARN_BOOL_CONVERSION = YES;
				CLANG_WARN_CONSTANT_CONVERSION = YES;
				CLANG_WARN_DIRECT_OBJC_ISA_USAGE = YES_ERROR;
				CLANG_WARN_EMPTY_BODY = YES;
				CLANG_WARN_ENUM_CONVERSION = YES;
				CLANG_WARN_INT_CONVERSION = YES;
				CLANG_WARN_OBJC_ROOT_CLASS = YES_ERROR;
				CLANG_WARN__DUPLICATE_METHOD_MATCH = YES;
				"CODE_SIGN_IDENTITY[sdk=iphoneos*]" = "iPhone Developer";
				COPY_PHASE_STRIP = NO;
				ENABLE_TESTABILITY = YES;
				GCC_C_LANGUAGE_STANDARD = gnu99;
				GCC_DYNAMIC_NO_PIC = NO;
				GCC_OPTIMIZATION_LEVEL = 0;
				GCC_PREPROCESSOR_DEFINITIONS = (
					"DEBUG=1",
					"$(inherited)",
				);
				GCC_SYMBOLS_PRIVATE_EXTERN = NO;
				GCC_WARN_64_TO_32_BIT_CONVERSION = YES;
				GCC_WARN_ABOUT_RETURN_TYPE = YES_ERROR;
				GCC_WARN_UNDECLARED_SELECTOR = YES;
				GCC_WARN_UNINITIALIZED_AUTOS = YES_AGGRESSIVE;
				GCC_WARN_UNUSED_FUNCTION = YES;
				GCC_WARN_UNUSED_VARIABLE = YES;
				IPHONEOS_DEPLOYMENT_TARGET = 9.3;
				ONLY_ACTIVE_ARCH = YES;
				SDKROOT = iphoneos;
				TARGETED_DEVICE_FAMILY = "1,2";
			};
			name = Debug;
		};
		6003F5BE195388D20070C39A /* Release */ = {
			isa = XCBuildConfiguration;
			buildSettings = {
				ALWAYS_SEARCH_USER_PATHS = NO;
				CLANG_CXX_LANGUAGE_STANDARD = "gnu++0x";
				CLANG_CXX_LIBRARY = "libc++";
				CLANG_ENABLE_MODULES = YES;
				CLANG_ENABLE_OBJC_ARC = YES;
				CLANG_WARN_BOOL_CONVERSION = YES;
				CLANG_WARN_CONSTANT_CONVERSION = YES;
				CLANG_WARN_DIRECT_OBJC_ISA_USAGE = YES_ERROR;
				CLANG_WARN_EMPTY_BODY = YES;
				CLANG_WARN_ENUM_CONVERSION = YES;
				CLANG_WARN_INT_CONVERSION = YES;
				CLANG_WARN_OBJC_ROOT_CLASS = YES_ERROR;
				CLANG_WARN__DUPLICATE_METHOD_MATCH = YES;
				"CODE_SIGN_IDENTITY[sdk=iphoneos*]" = "iPhone Developer";
				COPY_PHASE_STRIP = YES;
				ENABLE_NS_ASSERTIONS = NO;
				GCC_C_LANGUAGE_STANDARD = gnu99;
				GCC_WARN_64_TO_32_BIT_CONVERSION = YES;
				GCC_WARN_ABOUT_RETURN_TYPE = YES_ERROR;
				GCC_WARN_UNDECLARED_SELECTOR = YES;
				GCC_WARN_UNINITIALIZED_AUTOS = YES_AGGRESSIVE;
				GCC_WARN_UNUSED_FUNCTION = YES;
				GCC_WARN_UNUSED_VARIABLE = YES;
				IPHONEOS_DEPLOYMENT_TARGET = 9.3;
				SDKROOT = iphoneos;
				TARGETED_DEVICE_FAMILY = "1,2";
				VALIDATE_PRODUCT = YES;
			};
			name = Release;
		};
		6003F5C0195388D20070C39A /* Debug */ = {
			isa = XCBuildConfiguration;
			baseConfigurationReference = 48CD52A32DC045A6B5D81E30 /* Pods-XJNetworking_Example.debug.xcconfig */;
			buildSettings = {
				ASSETCATALOG_COMPILER_APPICON_NAME = AppIcon;
				GCC_PRECOMPILE_PREFIX_HEADER = YES;
				GCC_PREFIX_HEADER = "XJNetworking/XJNetworking-Prefix.pch";
				INFOPLIST_FILE = "XJNetworking/XJNetworking-Info.plist";
				MODULE_NAME = ExampleApp;
				PRODUCT_BUNDLE_IDENTIFIER = "org.cocoapods.demo.${PRODUCT_NAME:rfc1034identifier}";
				PRODUCT_NAME = "$(TARGET_NAME)";
				WRAPPER_EXTENSION = app;
			};
			name = Debug;
		};
		6003F5C1195388D20070C39A /* Release */ = {
			isa = XCBuildConfiguration;
			baseConfigurationReference = 84FBF8B74D5FCE8061006237 /* Pods-XJNetworking_Example.release.xcconfig */;
			buildSettings = {
				ASSETCATALOG_COMPILER_APPICON_NAME = AppIcon;
				GCC_PRECOMPILE_PREFIX_HEADER = YES;
				GCC_PREFIX_HEADER = "XJNetworking/XJNetworking-Prefix.pch";
				INFOPLIST_FILE = "XJNetworking/XJNetworking-Info.plist";
				MODULE_NAME = ExampleApp;
				PRODUCT_BUNDLE_IDENTIFIER = "org.cocoapods.demo.${PRODUCT_NAME:rfc1034identifier}";
				PRODUCT_NAME = "$(TARGET_NAME)";
				WRAPPER_EXTENSION = app;
			};
			name = Release;
		};
		6003F5C3195388D20070C39A /* Debug */ = {
			isa = XCBuildConfiguration;
			baseConfigurationReference = 44C6EB48A08CCF8FCB77775D /* Pods-XJNetworking_Tests.debug.xcconfig */;
			buildSettings = {
				BUNDLE_LOADER = "$(TEST_HOST)";
				FRAMEWORK_SEARCH_PATHS = (
					"$(SDKROOT)/Developer/Library/Frameworks",
					"$(inherited)",
					"$(DEVELOPER_FRAMEWORKS_DIR)",
				);
				GCC_PRECOMPILE_PREFIX_HEADER = YES;
				GCC_PREFIX_HEADER = "Tests/Tests-Prefix.pch";
				GCC_PREPROCESSOR_DEFINITIONS = (
					"DEBUG=1",
					"$(inherited)",
				);
				INFOPLIST_FILE = "Tests/Tests-Info.plist";
				PRODUCT_BUNDLE_IDENTIFIER = "org.cocoapods.demo.${PRODUCT_NAME:rfc1034identifier}";
				PRODUCT_NAME = "$(TARGET_NAME)";
				TEST_HOST = "$(BUILT_PRODUCTS_DIR)/XJNetworking_Example.app/XJNetworking_Example";
				WRAPPER_EXTENSION = xctest;
			};
			name = Debug;
		};
		6003F5C4195388D20070C39A /* Release */ = {
			isa = XCBuildConfiguration;
			baseConfigurationReference = 0330EB9E0E401BCBA0C611F5 /* Pods-XJNetworking_Tests.release.xcconfig */;
			buildSettings = {
				BUNDLE_LOADER = "$(TEST_HOST)";
				FRAMEWORK_SEARCH_PATHS = (
					"$(SDKROOT)/Developer/Library/Frameworks",
					"$(inherited)",
					"$(DEVELOPER_FRAMEWORKS_DIR)",
				);
				GCC_PRECOMPILE_PREFIX_HEADER = YES;
				GCC_PREFIX_HEADER = "Tests/Tests-Prefix.pch";
				INFOPLIST_FILE = "Tests/Tests-Info.plist";
				PRODUCT_BUNDLE_IDENTIFIER = "org.cocoapods.demo.${PRODUCT_NAME:rfc1034identifier}";
				PRODUCT_NAME = "$(TARGET_NAME)";
				TEST_HOST = "$(BUILT_PRODUCTS_DIR)/XJNetworking_Example.app/XJNetworking_Example";
				WRAPPER_EXTENSION = xctest;
			};
			name = Release;
		};
/* End XCBuildConfiguration section */

/* Begin XCConfigurationList section */
		6003F585195388D10070C39A /* Build configuration list for PBXProject "XJNetworking" */ = {
			isa = XCConfigurationList;
			buildConfigurations = (
				6003F5BD195388D20070C39A /* Debug */,
				6003F5BE195388D20070C39A /* Release */,
			);
			defaultConfigurationIsVisible = 0;
			defaultConfigurationName = Release;
		};
		6003F5BF195388D20070C39A /* Build configuration list for PBXNativeTarget "XJNetworking_Example" */ = {
			isa = XCConfigurationList;
			buildConfigurations = (
				6003F5C0195388D20070C39A /* Debug */,
				6003F5C1195388D20070C39A /* Release */,
			);
			defaultConfigurationIsVisible = 0;
			defaultConfigurationName = Release;
		};
		6003F5C2195388D20070C39A /* Build configuration list for PBXNativeTarget "XJNetworking_Tests" */ = {
			isa = XCConfigurationList;
			buildConfigurations = (
				6003F5C3195388D20070C39A /* Debug */,
				6003F5C4195388D20070C39A /* Release */,
			);
			defaultConfigurationIsVisible = 0;
			defaultConfigurationName = Release;
		};
/* End XCConfigurationList section */
	};
	rootObject = 6003F582195388D10070C39A /* Project object */;
}
